
Microsoft Visual Studio Solution File, Format Version 12.00
# Visual Studio 14
VisualStudioVersion = 14.0.25420.1
MinimumVisualStudioVersion = 10.0.40219.1
Project("{FAE04EC0-301F-11D3-BF4B-00C04F79EFBC}") = "Tests", "Tests\Tests.csproj", "{43D1F372-3C32-4FA3-AFFD-9DC771598171}"
EndProject
Project("{FAE04EC0-301F-11D3-BF4B-00C04F79EFBC}") = "RobotRuntime", "RobotRuntime\RobotRuntime.csproj", "{99E228B6-CA7A-451B-89D5-90534D871052}"
EndProject
Project("{FAE04EC0-301F-11D3-BF4B-00C04F79EFBC}") = "RobotEditor", "RobotEditor\RobotEditor.csproj", "{869A7F35-74EE-4D83-90C0-5DA908B2329F}"
EndProject
Project("{FAE04EC0-301F-11D3-BF4B-00C04F79EFBC}") = "Robot", "Robot\Robot.csproj", "{7A078FBB-25D9-469D-ABD4-6D985DE70B49}"
EndProject
Global
	GlobalSection(SolutionConfigurationPlatforms) = preSolution
		Debug|Any CPU = Debug|Any CPU
		Release|Any CPU = Release|Any CPU
	EndGlobalSection
	GlobalSection(ProjectConfigurationPlatforms) = postSolution
		{43D1F372-3C32-4FA3-AFFD-9DC771598171}.Debug|Any CPU.ActiveCfg = Debug|Any CPU
		{43D1F372-3C32-4FA3-AFFD-9DC771598171}.Debug|Any CPU.Build.0 = Debug|Any CPU
		{43D1F372-3C32-4FA3-AFFD-9DC771598171}.Release|Any CPU.ActiveCfg = Release|Any CPU
		{43D1F372-3C32-4FA3-AFFD-9DC771598171}.Release|Any CPU.Build.0 = Release|Any CPU
		{99E228B6-CA7A-451B-89D5-90534D871052}.Debug|Any CPU.ActiveCfg = Debug|Any CPU
		{99E228B6-CA7A-451B-89D5-90534D871052}.Debug|Any CPU.Build.0 = Debug|Any CPU
		{99E228B6-CA7A-451B-89D5-90534D871052}.Release|Any CPU.ActiveCfg = Release|Any CPU
		{99E228B6-CA7A-451B-89D5-90534D871052}.Release|Any CPU.Build.0 = Release|Any CPU
		{869A7F35-74EE-4D83-90C0-5DA908B2329F}.Debug|Any CPU.ActiveCfg = Debug|Any CPU
		{869A7F35-74EE-4D83-90C0-5DA908B2329F}.Debug|Any CPU.Build.0 = Debug|Any CPU
		{869A7F35-74EE-4D83-90C0-5DA908B2329F}.Release|Any CPU.ActiveCfg = Release|Any CPU
		{869A7F35-74EE-4D83-90C0-5DA908B2329F}.Release|Any CPU.Build.0 = Release|Any CPU
		{7A078FBB-25D9-469D-ABD4-6D985DE70B49}.Debug|Any CPU.ActiveCfg = Debug|Any CPU
		{7A078FBB-25D9-469D-ABD4-6D985DE70B49}.Debug|Any CPU.Build.0 = Debug|Any CPU
		{7A078FBB-25D9-469D-ABD4-6D985DE70B49}.Release|Any CPU.ActiveCfg = Release|Any CPU
		{7A078FBB-25D9-469D-ABD4-6D985DE70B49}.Release|Any CPU.Build.0 = Release|Any CPU
	EndGlobalSection
	GlobalSection(SolutionProperties) = preSolution
		HideSolutionNode = FALSE
	EndGlobalSection
EndGlobal
