
Microsoft Visual Studio Solution File, Format Version 12.00
# Visual Studio 15
VisualStudioVersion = 15.0.28307.421
MinimumVisualStudioVersion = 10.0.40219.1
Project("{FAE04EC0-301F-11D3-BF4B-00C04F79EFBC}") = "TestClassLibrary", "TestClassLibrary\TestClassLibrary.csproj", "{65F59767-84EB-4805-B34D-64C804F8CED2}"
EndProject
Project("{FAE04EC0-301F-11D3-BF4B-00C04F79EFBC}") = "TestClassLibraryWithRefToRobot", "TestClassLibraryWithRefToRobot\TestClassLibraryWithRefToRobot.csproj", "{B7B0F0F0-AFED-4620-944A-4C9E7ED66579}"
EndProject
Project("{FAE04EC0-301F-11D3-BF4B-00C04F79EFBC}") = "RobotRuntime", "..\RobotRuntime\RobotRuntime.csproj", "{99E228B6-CA7A-451B-89D5-90534D871052}"
EndProject
Global
	GlobalSection(SolutionConfigurationPlatforms) = preSolution
		Debug|Any CPU = Debug|Any CPU
		Debug|x64 = Debug|x64
		Debug|x86 = Debug|x86
		Release|Any CPU = Release|Any CPU
		Release|x64 = Release|x64
		Release|x86 = Release|x86
	EndGlobalSection
	GlobalSection(ProjectConfigurationPlatforms) = postSolution
		{65F59767-84EB-4805-B34D-64C804F8CED2}.Debug|Any CPU.ActiveCfg = Debug|Any CPU
		{65F59767-84EB-4805-B34D-64C804F8CED2}.Debug|Any CPU.Build.0 = Debug|Any CPU
		{65F59767-84EB-4805-B34D-64C804F8CED2}.Debug|x64.ActiveCfg = Debug|Any CPU
		{65F59767-84EB-4805-B34D-64C804F8CED2}.Debug|x64.Build.0 = Debug|Any CPU
		{65F59767-84EB-4805-B34D-64C804F8CED2}.Debug|x86.ActiveCfg = Debug|Any CPU
		{65F59767-84EB-4805-B34D-64C804F8CED2}.Debug|x86.Build.0 = Debug|Any CPU
		{65F59767-84EB-4805-B34D-64C804F8CED2}.Release|Any CPU.ActiveCfg = Release|Any CPU
		{65F59767-84EB-4805-B34D-64C804F8CED2}.Release|Any CPU.Build.0 = Release|Any CPU
		{65F59767-84EB-4805-B34D-64C804F8CED2}.Release|x64.ActiveCfg = Release|Any CPU
		{65F59767-84EB-4805-B34D-64C804F8CED2}.Release|x64.Build.0 = Release|Any CPU
		{65F59767-84EB-4805-B34D-64C804F8CED2}.Release|x86.ActiveCfg = Release|Any CPU
		{65F59767-84EB-4805-B34D-64C804F8CED2}.Release|x86.Build.0 = Release|Any CPU
		{B7B0F0F0-AFED-4620-944A-4C9E7ED66579}.Debug|Any CPU.ActiveCfg = Debug|Any CPU
		{B7B0F0F0-AFED-4620-944A-4C9E7ED66579}.Debug|Any CPU.Build.0 = Debug|Any CPU
		{B7B0F0F0-AFED-4620-944A-4C9E7ED66579}.Debug|x64.ActiveCfg = Debug|Any CPU
		{B7B0F0F0-AFED-4620-944A-4C9E7ED66579}.Debug|x64.Build.0 = Debug|Any CPU
		{B7B0F0F0-AFED-4620-944A-4C9E7ED66579}.Debug|x86.ActiveCfg = Debug|Any CPU
		{B7B0F0F0-AFED-4620-944A-4C9E7ED66579}.Debug|x86.Build.0 = Debug|Any CPU
		{B7B0F0F0-AFED-4620-944A-4C9E7ED66579}.Release|Any CPU.ActiveCfg = Release|Any CPU
		{B7B0F0F0-AFED-4620-944A-4C9E7ED66579}.Release|Any CPU.Build.0 = Release|Any CPU
		{B7B0F0F0-AFED-4620-944A-4C9E7ED66579}.Release|x64.ActiveCfg = Release|Any CPU
		{B7B0F0F0-AFED-4620-944A-4C9E7ED66579}.Release|x64.Build.0 = Release|Any CPU
		{B7B0F0F0-AFED-4620-944A-4C9E7ED66579}.Release|x86.ActiveCfg = Release|Any CPU
		{B7B0F0F0-AFED-4620-944A-4C9E7ED66579}.Release|x86.Build.0 = Release|Any CPU
		{99E228B6-CA7A-451B-89D5-90534D871052}.Debug|Any CPU.ActiveCfg = Debug|Any CPU
		{99E228B6-CA7A-451B-89D5-90534D871052}.Debug|Any CPU.Build.0 = Debug|Any CPU
		{99E228B6-CA7A-451B-89D5-90534D871052}.Debug|x64.ActiveCfg = Debug|x64
		{99E228B6-CA7A-451B-89D5-90534D871052}.Debug|x64.Build.0 = Debug|x64
		{99E228B6-CA7A-451B-89D5-90534D871052}.Debug|x86.ActiveCfg = Debug|x86
		{99E228B6-CA7A-451B-89D5-90534D871052}.Debug|x86.Build.0 = Debug|x86
		{99E228B6-CA7A-451B-89D5-90534D871052}.Release|Any CPU.ActiveCfg = Release|Any CPU
		{99E228B6-CA7A-451B-89D5-90534D871052}.Release|Any CPU.Build.0 = Release|Any CPU
		{99E228B6-CA7A-451B-89D5-90534D871052}.Release|x64.ActiveCfg = Release|x64
		{99E228B6-CA7A-451B-89D5-90534D871052}.Release|x64.Build.0 = Release|x64
		{99E228B6-CA7A-451B-89D5-90534D871052}.Release|x86.ActiveCfg = Release|x86
		{99E228B6-CA7A-451B-89D5-90534D871052}.Release|x86.Build.0 = Release|x86
	EndGlobalSection
	GlobalSection(SolutionProperties) = preSolution
		HideSolutionNode = FALSE
	EndGlobalSection
	GlobalSection(ExtensibilityGlobals) = postSolution
		SolutionGuid = {2AF42E2C-AC6A-439E-9C65-54B1B10D0F77}
	EndGlobalSection
EndGlobal
